# This file was autogenerated by Stack.
# You should not edit this file by hand.
# For more information, please see the documentation at:
#   https://docs.haskellstack.org/en/stable/lock_files

packages:
- completed:
    hackage: conduit-extra-1.1.17@sha256:a4e6f476ba86db2c7cb76993b43b2a156b010de2917d239af66f9d7e7599e269,4485
    pantry-tree:
      size: 2247
      sha256: 259c1b8c13e02ea09e55d9186d11507702015a5690600f4b93d121089f4596b1
  original:
    hackage: conduit-extra-1.1.17@sha256:a4e6f476ba86db2c7cb76993b43b2a156b010de2917d239af66f9d7e7599e269
- completed:
    hackage: conduit-1.2.13.1@sha256:afd4db7fe66ae7af3d418e1a932384a8dee08df2f6299cca80e53ba964ce1228,4371
    pantry-tree:
      size: 1191
      sha256: c24b0058c187a98780d227072cb701efeca1571c1c88ca331e53799cc3d051fb
  original:
    hackage: conduit-1.2.13.1@sha256:afd4db7fe66ae7af3d418e1a932384a8dee08df2f6299cca80e53ba964ce1228
- completed:
    hackage: resourcet-1.1.11@sha256:096a3db6774a728bbe264e3e25c4e40d60e527ebd4b90c0b311deaa8d4cf4f27,1976
    pantry-tree:
      size: 647
      sha256: 90955fbe978b95e7a2e1067a7c475f1918b98ba77f80fd0953225d0dd2086ee0
  original:
    hackage: resourcet-1.1.11@sha256:096a3db6774a728bbe264e3e25c4e40d60e527ebd4b90c0b311deaa8d4cf4f27
- completed:
    hackage: streaming-commons-0.1.19@sha256:3a02f84578f75eac1425dca877f8d697b68d379a21970c1dad96196620404803,5262
    pantry-tree:
      size: 3544
      sha256: 1a064ebd5371903f8192e0486fa1aff8030acac4e5145088106456c71ef91f2b
  original:
    hackage: streaming-commons-0.1.19@sha256:3a02f84578f75eac1425dca877f8d697b68d379a21970c1dad96196620404803
snapshots:
- completed:
    size: 533252
    url: https://raw.githubusercontent.com/commercialhaskell/stackage-snapshots/master/lts/16/26.yaml
    sha256: cdbc5db9c1afe80a5998247939027a0c7db92fa0f20b5cd01596ec3da628b622
  original: lts-16.26
