# This file was autogenerated by Stack.
# You should not edit this file by hand.
# For more information, please see the documentation at:
#   https://docs.haskellstack.org/en/stable/lock_files

packages:
- completed:
    hackage: conduit-extra-1.1.17@sha256:a4e6f476ba86db2c7cb76993b43b2a156b010de2917d239af66f9d7e7599e269,4485
    pantry-tree:
      size: 2247
      sha256: 259c1b8c13e02ea09e55d9186d11507702015a5690600f4b93d121089f4596b1
  original:
    hackage: conduit-extra-1.1.17@sha256:a4e6f476ba86db2c7cb76993b43b2a156b010de2917d239af66f9d7e7599e269
- completed:
    hackage: conduit-1.2.13.1@sha256:afd4db7fe66ae7af3d418e1a932384a8dee08df2f6299cca80e53ba964ce1228,4371
    pantry-tree:
      size: 1191
      sha256: c24b0058c187a98780d227072cb701efeca1571c1c88ca331e53799cc3d051fb
  original:
    hackage: conduit-1.2.13.1@sha256:afd4db7fe66ae7af3d418e1a932384a8dee08df2f6299cca80e53ba964ce1228
- completed:
    hackage: resourcet-1.1.11@sha256:096a3db6774a728bbe264e3e25c4e40d60e527ebd4b90c0b311deaa8d4cf4f27,1976
    pantry-tree:
      size: 647
      sha256: 90955fbe978b95e7a2e1067a7c475f1918b98ba77f80fd0953225d0dd2086ee0
  original:
    hackage: resourcet-1.1.11@sha256:096a3db6774a728bbe264e3e25c4e40d60e527ebd4b90c0b311deaa8d4cf4f27
- completed:
    hackage: streaming-commons-0.1.19@sha256:3a02f84578f75eac1425dca877f8d697b68d379a21970c1dad96196620404803,5262
    pantry-tree:
      size: 3544
      sha256: 1a064ebd5371903f8192e0486fa1aff8030acac4e5145088106456c71ef91f2b
  original:
    hackage: streaming-commons-0.1.19@sha256:3a02f84578f75eac1425dca877f8d697b68d379a21970c1dad96196620404803
- completed:
    hackage: hindent-5.3.1@sha256:23dc3d423820a1de4a11f54eb87992f2c9fa1b686b2230bb06d1af46edc85c4b,3452
    pantry-tree:
      size: 1027
      sha256: 29ea7cff1847793ca6249158ad919f4bb7095e59067f9750f4ce7051496e03d0
  original:
    hackage: hindent-5.3.1@sha256:23dc3d423820a1de4a11f54eb87992f2c9fa1b686b2230bb06d1af46edc85c4b,3452
- completed:
    hackage: hlint-2.2.11@sha256:f4eef0d718264824254bf375a85a91a8756b20c4f7d2a4854ffe4e69e8bd1679,4069
    pantry-tree:
      size: 5014
      sha256: f75f1e4185337aa32610ec7710d12e5d2b9c79292fa8a08348580861c99c6826
  original:
    hackage: hlint-2.2.11@sha256:f4eef0d718264824254bf375a85a91a8756b20c4f7d2a4854ffe4e69e8bd1679,4069
- completed:
    hackage: stylish-haskell-0.9.4.4@sha256:ea514922e47ea05a924355a841abd26d18101037c46fbb90e201ae83582a8728,4953
    pantry-tree:
      size: 2863
      sha256: 90316b02f585d82d84f90a393d838e9ae1603fd5c0a01f216459ab56f7dc8cfb
  original:
    hackage: stylish-haskell-0.9.4.4@sha256:ea514922e47ea05a924355a841abd26d18101037c46fbb90e201ae83582a8728,4953
- completed:
    hackage: ghc-lib-parser-ex-8.8.5.8@sha256:04f164fd6a4a5b0c5627cf7fadd79174c3b1d4c696dc481a9909266bd6a2a6aa,2760
    pantry-tree:
      size: 1453
      sha256: 7b861387a0e0d668b77f1019ed57728d9d3136e489158716fc22077034a0d3d3
  original:
    hackage: ghc-lib-parser-ex-8.8.5.8@sha256:04f164fd6a4a5b0c5627cf7fadd79174c3b1d4c696dc481a9909266bd6a2a6aa,2760
- completed:
    hackage: haskell-src-exts-1.22.0@sha256:f558923a9c8f57402c33a8cc871b934027a5c65414404c87239f6cbd7357d54e,4541
    pantry-tree:
      size: 96940
      sha256: 597b6f48bd409a4d0da013c4e356945c42e0d098966035d3aa68cd4a3ccd66c9
  original:
    hackage: haskell-src-exts-1.22.0@sha256:f558923a9c8f57402c33a8cc871b934027a5c65414404c87239f6cbd7357d54e,4541
snapshots:
- completed:
    size: 533252
    url: https://raw.githubusercontent.com/commercialhaskell/stackage-snapshots/master/lts/16/26.yaml
    sha256: cdbc5db9c1afe80a5998247939027a0c7db92fa0f20b5cd01596ec3da628b622
  original: lts-16.26
